// !$*UTF8*$!
{
	archiveVersion = 1;
	classes = {
	};
	objectVersion = 50;
	objects = {

/* Begin PBXBuildFile section */
		22C1B6F82150205D00A87078 /* AppDelegate.swift in Sources */ = {isa = PBXBuildFile; fileRef = 22C1B6F72150205D00A87078 /* AppDelegate.swift */; };
		22C1B6FA2150205D00A87078 /* ViewController.swift in Sources */ = {isa = PBXBuildFile; fileRef = 22C1B6F92150205D00A87078 /* ViewController.swift */; };
		22C1B6FD2150205D00A87078 /* Main.storyboard in Resources */ = {isa = PBXBuildFile; fileRef = 22C1B6FB2150205D00A87078 /* Main.storyboard */; };
		22C1B6FF2150205E00A87078 /* Assets.xcassets in Resources */ = {isa = PBXBuildFile; fileRef = 22C1B6FE2150205E00A87078 /* Assets.xcassets */; };
		22C1B7022150205E00A87078 /* LaunchScreen.storyboard in Resources */ = {isa = PBXBuildFile; fileRef = 22C1B7002150205E00A87078 /* LaunchScreen.storyboard */; };
		22C1B70D2150205E00A87078 /* BMTokenViewTests.swift in Sources */ = {isa = PBXBuildFile; fileRef = 22C1B70C2150205E00A87078 /* BMTokenViewTests.swift */; };
		22C1B7182150205E00A87078 /* BMTokenViewUITests.swift in Sources */ = {isa = PBXBuildFile; fileRef = 22C1B7172150205E00A87078 /* BMTokenViewUITests.swift */; };
		22C1B7272150210700A87078 /* BMTokenView.swift in Sources */ = {isa = PBXBuildFile; fileRef = 22C1B7262150210700A87078 /* BMTokenView.swift */; };
/* End PBXBuildFile section */

/* Begin PBXContainerItemProxy section */
		22C1B7092150205E00A87078 /* PBXContainerItemProxy */ = {
			isa = PBXContainerItemProxy;
			containerPortal = 22C1B6EC2150205C00A87078 /* Project object */;
			proxyType = 1;
			remoteGlobalIDString = 22C1B6F32150205C00A87078;
			remoteInfo = BMTokenView;
		};
		22C1B7142150205E00A87078 /* PBXContainerItemProxy */ = {
			isa = PBXContainerItemProxy;
			containerPortal = 22C1B6EC2150205C00A87078 /* Project object */;
			proxyType = 1;
			remoteGlobalIDString = 22C1B6F32150205C00A87078;
			remoteInfo = BMTokenView;
		};
/* End PBXContainerItemProxy section */

/* Begin PBXFileReference section */
		22C1B6F42150205C00A87078 /* BMTokenView.app */ = {isa = PBXFileReference; explicitFileType = wrapper.application; includeInIndex = 0; path = BMTokenView.app; sourceTree = BUILT_PRODUCTS_DIR; };
		22C1B6F72150205D00A87078 /* AppDelegate.swift */ = {isa = PBXFileReference; lastKnownFileType = sourcecode.swift; path = AppDelegate.swift; sourceTree = "<group>"; };
		22C1B6F92150205D00A87078 /* ViewController.swift */ = {isa = PBXFileReference; lastKnownFileType = sourcecode.swift; path = ViewController.swift; sourceTree = "<group>"; };
		22C1B6FC2150205D00A87078 /* Base */ = {isa = PBXFileReference; lastKnownFileType = file.storyboard; name = Base; path = Base.lproj/Main.storyboard; sourceTree = "<group>"; };
		22C1B6FE2150205E00A87078 /* Assets.xcassets */ = {isa = PBXFileReference; lastKnownFileType = folder.assetcatalog; path = Assets.xcassets; sourceTree = "<group>"; };
		22C1B7012150205E00A87078 /* Base */ = {isa = PBXFileReference; lastKnownFileType = file.storyboard; name = Base; path = Base.lproj/LaunchScreen.storyboard; sourceTree = "<group>"; };
		22C1B7032150205E00A87078 /* Info.plist */ = {isa = PBXFileReference; lastKnownFileType = text.plist.xml; path = Info.plist; sourceTree = "<group>"; };
		22C1B7082150205E00A87078 /* BMTokenViewTests.xctest */ = {isa = PBXFileReference; explicitFileType = wrapper.cfbundle; includeInIndex = 0; path = BMTokenViewTests.xctest; sourceTree = BUILT_PRODUCTS_DIR; };
		22C1B70C2150205E00A87078 /* BMTokenViewTests.swift */ = {isa = PBXFileReference; lastKnownFileType = sourcecode.swift; path = BMTokenViewTests.swift; sourceTree = "<group>"; };
		22C1B70E2150205E00A87078 /* Info.plist */ = {isa = PBXFileReference; lastKnownFileType = text.plist.xml; path = Info.plist; sourceTree = "<group>"; };
		22C1B7132150205E00A87078 /* BMTokenViewUITests.xctest */ = {isa = PBXFileReference; explicitFileType = wrapper.cfbundle; includeInIndex = 0; path = BMTokenViewUITests.xctest; sourceTree = BUILT_PRODUCTS_DIR; };
		22C1B7172150205E00A87078 /* BMTokenViewUITests.swift */ = {isa = PBXFileReference; lastKnownFileType = sourcecode.swift; path = BMTokenViewUITests.swift; sourceTree = "<group>"; };
		22C1B7192150205E00A87078 /* Info.plist */ = {isa = PBXFileReference; lastKnownFileType = text.plist.xml; path = Info.plist; sourceTree = "<group>"; };
		22C1B7262150210700A87078 /* BMTokenView.swift */ = {isa = PBXFileReference; lastKnownFileType = sourcecode.swift; path = BMTokenView.swift; sourceTree = "<group>"; };
/* End PBXFileReference section */

/* Begin PBXFrameworksBuildPhase section */
		22C1B6F12150205C00A87078 /* Frameworks */ = {
			isa = PBXFrameworksBuildPhase;
			buildActionMask = 2147483647;
			files = (
			);
			runOnlyForDeploymentPostprocessing = 0;
		};
		22C1B7052150205E00A87078 /* Frameworks */ = {
			isa = PBXFrameworksBuildPhase;
			buildActionMask = 2147483647;
			files = (
			);
			runOnlyForDeploymentPostprocessing = 0;
		};
		22C1B7102150205E00A87078 /* Frameworks */ = {
			isa = PBXFrameworksBuildPhase;
			buildActionMask = 2147483647;
			files = (
			);
			runOnlyForDeploymentPostprocessing = 0;
		};
/* End PBXFrameworksBuildPhase section */

/* Begin PBXGroup section */
		22C1B6EB2150205C00A87078 = {
			isa = PBXGroup;
			children = (
				22C1B6F62150205D00A87078 /* BMTokenView */,
				22C1B70B2150205E00A87078 /* BMTokenViewTests */,
				22C1B7162150205E00A87078 /* BMTokenViewUITests */,
				22C1B6F52150205C00A87078 /* Products */,
			);
			sourceTree = "<group>";
		};
		22C1B6F52150205C00A87078 /* Products */ = {
			isa = PBXGroup;
			children = (
				22C1B6F42150205C00A87078 /* BMTokenView.app */,
				22C1B7082150205E00A87078 /* BMTokenViewTests.xctest */,
				22C1B7132150205E00A87078 /* BMTokenViewUITests.xctest */,
			);
			name = Products;
			sourceTree = "<group>";
		};
		22C1B6F62150205D00A87078 /* BMTokenView */ = {
			isa = PBXGroup;
			children = (
				22C1B725215020ED00A87078 /* Library */,
				22C1B6F72150205D00A87078 /* AppDelegate.swift */,
				22C1B6F92150205D00A87078 /* ViewController.swift */,
				22C1B6FB2150205D00A87078 /* Main.storyboard */,
				22C1B6FE2150205E00A87078 /* Assets.xcassets */,
				22C1B7002150205E00A87078 /* LaunchScreen.storyboard */,
				22C1B7032150205E00A87078 /* Info.plist */,
			);
			path = BMTokenView;
			sourceTree = "<group>";
		};
		22C1B70B2150205E00A87078 /* BMTokenViewTests */ = {
			isa = PBXGroup;
			children = (
				22C1B70C2150205E00A87078 /* BMTokenViewTests.swift */,
				22C1B70E2150205E00A87078 /* Info.plist */,
			);
			path = BMTokenViewTests;
			sourceTree = "<group>";
		};
		22C1B7162150205E00A87078 /* BMTokenViewUITests */ = {
			isa = PBXGroup;
			children = (
				22C1B7172150205E00A87078 /* BMTokenViewUITests.swift */,
				22C1B7192150205E00A87078 /* Info.plist */,
			);
			path = BMTokenViewUITests;
			sourceTree = "<group>";
		};
		22C1B725215020ED00A87078 /* Library */ = {
			isa = PBXGroup;
			children = (
				22C1B7262150210700A87078 /* BMTokenView.swift */,
			);
			path = Library;
			sourceTree = "<group>";
		};
/* End PBXGroup section */

/* Begin PBXNativeTarget section */
		22C1B6F32150205C00A87078 /* BMTokenView */ = {
			isa = PBXNativeTarget;
			buildConfigurationList = 22C1B71C2150205E00A87078 /* Build configuration list for PBXNativeTarget "BMTokenView" */;
			buildPhases = (
				22C1B6F02150205C00A87078 /* Sources */,
				22C1B6F12150205C00A87078 /* Frameworks */,
				22C1B6F22150205C00A87078 /* Resources */,
			);
			buildRules = (
			);
			dependencies = (
			);
			name = BMTokenView;
			productName = BMTokenView;
			productReference = 22C1B6F42150205C00A87078 /* BMTokenView.app */;
			productType = "com.apple.product-type.application";
		};
		22C1B7072150205E00A87078 /* BMTokenViewTests */ = {
			isa = PBXNativeTarget;
			buildConfigurationList = 22C1B71F2150205E00A87078 /* Build configuration list for PBXNativeTarget "BMTokenViewTests" */;
			buildPhases = (
				22C1B7042150205E00A87078 /* Sources */,
				22C1B7052150205E00A87078 /* Frameworks */,
				22C1B7062150205E00A87078 /* Resources */,
			);
			buildRules = (
			);
			dependencies = (
				22C1B70A2150205E00A87078 /* PBXTargetDependency */,
			);
			name = BMTokenViewTests;
			productName = BMTokenViewTests;
			productReference = 22C1B7082150205E00A87078 /* BMTokenViewTests.xctest */;
			productType = "com.apple.product-type.bundle.unit-test";
		};
		22C1B7122150205E00A87078 /* BMTokenViewUITests */ = {
			isa = PBXNativeTarget;
			buildConfigurationList = 22C1B7222150205E00A87078 /* Build configuration list for PBXNativeTarget "BMTokenViewUITests" */;
			buildPhases = (
				22C1B70F2150205E00A87078 /* Sources */,
				22C1B7102150205E00A87078 /* Frameworks */,
				22C1B7112150205E00A87078 /* Resources */,
			);
			buildRules = (
			);
			dependencies = (
				22C1B7152150205E00A87078 /* PBXTargetDependency */,
			);
			name = BMTokenViewUITests;
			productName = BMTokenViewUITests;
			productReference = 22C1B7132150205E00A87078 /* BMTokenViewUITests.xctest */;
			productType = "com.apple.product-type.bundle.ui-testing";
		};
/* End PBXNativeTarget section */

/* Begin PBXProject section */
		22C1B6EC2150205C00A87078 /* Project object */ = {
			isa = PBXProject;
			attributes = {
				LastSwiftUpdateCheck = 0940;
				LastUpgradeCheck = 0940;
				ORGANIZATIONNAME = "Doheny Yoon";
				TargetAttributes = {
					22C1B6F32150205C00A87078 = {
						CreatedOnToolsVersion = 9.4.1;
					};
					22C1B7072150205E00A87078 = {
						CreatedOnToolsVersion = 9.4.1;
						TestTargetID = 22C1B6F32150205C00A87078;
					};
					22C1B7122150205E00A87078 = {
						CreatedOnToolsVersion = 9.4.1;
						TestTargetID = 22C1B6F32150205C00A87078;
					};
				};
			};
			buildConfigurationList = 22C1B6EF2150205C00A87078 /* Build configuration list for PBXProject "BMTokenView" */;
			compatibilityVersion = "Xcode 9.3";
			developmentRegion = en;
			hasScannedForEncodings = 0;
			knownRegions = (
				en,
				Base,
			);
			mainGroup = 22C1B6EB2150205C00A87078;
			productRefGroup = 22C1B6F52150205C00A87078 /* Products */;
			projectDirPath = "";
			projectRoot = "";
			targets = (
				22C1B6F32150205C00A87078 /* BMTokenView */,
				22C1B7072150205E00A87078 /* BMTokenViewTests */,
				22C1B7122150205E00A87078 /* BMTokenViewUITests */,
			);
		};
/* End PBXProject section */

/* Begin PBXResourcesBuildPhase section */
		22C1B6F22150205C00A87078 /* Resources */ = {
			isa = PBXResourcesBuildPhase;
			buildActionMask = 2147483647;
			files = (
				22C1B7022150205E00A87078 /* LaunchScreen.storyboard in Resources */,
				22C1B6FF2150205E00A87078 /* Assets.xcassets in Resources */,
				22C1B6FD2150205D00A87078 /* Main.storyboard in Resources */,
			);
			runOnlyForDeploymentPostprocessing = 0;
		};
		22C1B7062150205E00A87078 /* Resources */ = {
			isa = PBXResourcesBuildPhase;
			buildActionMask = 2147483647;
			files = (
			);
			runOnlyForDeploymentPostprocessing = 0;
		};
		22C1B7112150205E00A87078 /* Resources */ = {
			isa = PBXResourcesBuildPhase;
			buildActionMask = 2147483647;
			files = (
			);
			runOnlyForDeploymentPostprocessing = 0;
		};
/* End PBXResourcesBuildPhase section */

/* Begin PBXSourcesBuildPhase section */
		22C1B6F02150205C00A87078 /* Sources */ = {
			isa = PBXSourcesBuildPhase;
			buildActionMask = 2147483647;
			files = (
				22C1B6FA2150205D00A87078 /* ViewController.swift in Sources */,
				22C1B6F82150205D00A87078 /* AppDelegate.swift in Sources */,
				22C1B7272150210700A87078 /* BMTokenView.swift in Sources */,
			);
			runOnlyForDeploymentPostprocessing = 0;
		};
		22C1B7042150205E00A87078 /* Sources */ = {
			isa = PBXSourcesBuildPhase;
			buildActionMask = 2147483647;
			files = (
				22C1B70D2150205E00A87078 /* BMTokenViewTests.swift in Sources */,
			);
			runOnlyForDeploymentPostprocessing = 0;
		};
		22C1B70F2150205E00A87078 /* Sources */ = {
			isa = PBXSourcesBuildPhase;
			buildActionMask = 2147483647;
			files = (
				22C1B7182150205E00A87078 /* BMTokenViewUITests.swift in Sources */,
			);
			runOnlyForDeploymentPostprocessing = 0;
		};
/* End PBXSourcesBuildPhase section */

/* Begin PBXTargetDependency section */
		22C1B70A2150205E00A87078 /* PBXTargetDependency */ = {
			isa = PBXTargetDependency;
			target = 22C1B6F32150205C00A87078 /* BMTokenView */;
			targetProxy = 22C1B7092150205E00A87078 /* PBXContainerItemProxy */;
		};
		22C1B7152150205E00A87078 /* PBXTargetDependency */ = {
			isa = PBXTargetDependency;
			target = 22C1B6F32150205C00A87078 /* BMTokenView */;
			targetProxy = 22C1B7142150205E00A87078 /* PBXContainerItemProxy */;
		};
/* End PBXTargetDependency section */

/* Begin PBXVariantGroup section */
		22C1B6FB2150205D00A87078 /* Main.storyboard */ = {
			isa = PBXVariantGroup;
			children = (
				22C1B6FC2150205D00A87078 /* Base */,
			);
			name = Main.storyboard;
			sourceTree = "<group>";
		};
		22C1B7002150205E00A87078 /* LaunchScreen.storyboard */ = {
			isa = PBXVariantGroup;
			children = (
				22C1B7012150205E00A87078 /* Base */,
			);
			name = LaunchScreen.storyboard;
			sourceTree = "<group>";
		};
/* End PBXVariantGroup section */

/* Begin XCBuildConfiguration section */
		22C1B71A2150205E00A87078 /* Debug */ = {
			isa = XCBuildConfiguration;
			buildSettings = {
				ALWAYS_SEARCH_USER_PATHS = NO;
				CLANG_ANALYZER_NONNULL = YES;
				CLANG_ANALYZER_NUMBER_OBJECT_CONVERSION = YES_AGGRESSIVE;
				CLANG_CXX_LANGUAGE_STANDARD = "gnu++14";
				CLANG_CXX_LIBRARY = "libc++";
				CLANG_ENABLE_MODULES = YES;
				CLANG_ENABLE_OBJC_ARC = YES;
				CLANG_ENABLE_OBJC_WEAK = YES;
				CLANG_WARN_BLOCK_CAPTURE_AUTORELEASING = YES;
				CLANG_WARN_BOOL_CONVERSION = YES;
				CLANG_WARN_COMMA = YES;
				CLANG_WARN_CONSTANT_CONVERSION = YES;
				CLANG_WARN_DEPRECATED_OBJC_IMPLEMENTATIONS = YES;
				CLANG_WARN_DIRECT_OBJC_ISA_USAGE = YES_ERROR;
				CLANG_WARN_DOCUMENTATION_COMMENTS = YES;
				CLANG_WARN_EMPTY_BODY = YES;
				CLANG_WARN_ENUM_CONVERSION = YES;
				CLANG_WARN_INFINITE_RECURSION = YES;
				CLANG_WARN_INT_CONVERSION = YES;
				CLANG_WARN_NON_LITERAL_NULL_CONVERSION = YES;
				CLANG_WARN_OBJC_IMPLICIT_RETAIN_SELF = YES;
				CLANG_WARN_OBJC_LITERAL_CONVERSION = YES;
				CLANG_WARN_OBJC_ROOT_CLASS = YES_ERROR;
				CLANG_WARN_RANGE_LOOP_ANALYSIS = YES;
				CLANG_WARN_STRICT_PROTOTYPES = YES;
				CLANG_WARN_SUSPICIOUS_MOVE = YES;
				CLANG_WARN_UNGUARDED_AVAILABILITY = YES_AGGRESSIVE;
				CLANG_WARN_UNREACHABLE_CODE = YES;
				CLANG_WARN__DUPLICATE_METHOD_MATCH = YES;
				CODE_SIGN_IDENTITY = "iPhone Developer";
				COPY_PHASE_STRIP = NO;
				DEBUG_INFORMATION_FORMAT = dwarf;
				ENABLE_STRICT_OBJC_MSGSEND = YES;
				ENABLE_TESTABILITY = YES;
				GCC_C_LANGUAGE_STANDARD = gnu11;
				GCC_DYNAMIC_NO_PIC = NO;
				GCC_NO_COMMON_BLOCKS = YES;
				GCC_OPTIMIZATION_LEVEL = 0;
				GCC_PREPROCESSOR_DEFINITIONS = (
					"DEBUG=1",
					"$(inherited)",
				);
				GCC_WARN_64_TO_32_BIT_CONVERSION = YES;
				GCC_WARN_ABOUT_RETURN_TYPE = YES_ERROR;
				GCC_WARN_UNDECLARED_SELECTOR = YES;
				GCC_WARN_UNINITIALIZED_AUTOS = YES_AGGRESSIVE;
				GCC_WARN_UNUSED_FUNCTION = YES;
				GCC_WARN_UNUSED_VARIABLE = YES;
				IPHONEOS_DEPLOYMENT_TARGET = 11.4;
				MTL_ENABLE_DEBUG_INFO = YES;
				ONLY_ACTIVE_ARCH = YES;
				SDKROOT = iphoneos;
				SWIFT_ACTIVE_COMPILATION_CONDITIONS = DEBUG;
				SWIFT_OPTIMIZATION_LEVEL = "-Onone";
			};
			name = Debug;
		};
		22C1B71B2150205E00A87078 /* Release */ = {
			isa = XCBuildConfiguration;
			buildSettings = {
				ALWAYS_SEARCH_USER_PATHS = NO;
				CLANG_ANALYZER_NONNULL = YES;
				CLANG_ANALYZER_NUMBER_OBJECT_CONVERSION = YES_AGGRESSIVE;
				CLANG_CXX_LANGUAGE_STANDARD = "gnu++14";
				CLANG_CXX_LIBRARY = "libc++";
				CLANG_ENABLE_MODULES = YES;
				CLANG_ENABLE_OBJC_ARC = YES;
				CLANG_ENABLE_OBJC_WEAK = YES;
				CLANG_WARN_BLOCK_CAPTURE_AUTORELEASING = YES;
				CLANG_WARN_BOOL_CONVERSION = YES;
				CLANG_WARN_COMMA = YES;
				CLANG_WARN_CONSTANT_CONVERSION = YES;
				CLANG_WARN_DEPRECATED_OBJC_IMPLEMENTATIONS = YES;
				CLANG_WARN_DIRECT_OBJC_ISA_USAGE = YES_ERROR;
				CLANG_WARN_DOCUMENTATION_COMMENTS = YES;
				CLANG_WARN_EMPTY_BODY = YES;
				CLANG_WARN_ENUM_CONVERSION = YES;
				CLANG_WARN_INFINITE_RECURSION = YES;
				CLANG_WARN_INT_CONVERSION = YES;
				CLANG_WARN_NON_LITERAL_NULL_CONVERSION = YES;
				CLANG_WARN_OBJC_IMPLICIT_RETAIN_SELF = YES;
				CLANG_WARN_OBJC_LITERAL_CONVERSION = YES;
				CLANG_WARN_OBJC_ROOT_CLASS = YES_ERROR;
				CLANG_WARN_RANGE_LOOP_ANALYSIS = YES;
				CLANG_WARN_STRICT_PROTOTYPES = YES;
				CLANG_WARN_SUSPICIOUS_MOVE = YES;
				CLANG_WARN_UNGUARDED_AVAILABILITY = YES_AGGRESSIVE;
				CLANG_WARN_UNREACHABLE_CODE = YES;
				CLANG_WARN__DUPLICATE_METHOD_MATCH = YES;
				CODE_SIGN_IDENTITY = "iPhone Developer";
				COPY_PHASE_STRIP = NO;
				DEBUG_INFORMATION_FORMAT = "dwarf-with-dsym";
				ENABLE_NS_ASSERTIONS = NO;
				ENABLE_STRICT_OBJC_MSGSEND = YES;
				GCC_C_LANGUAGE_STANDARD = gnu11;
				GCC_NO_COMMON_BLOCKS = YES;
				GCC_WARN_64_TO_32_BIT_CONVERSION = YES;
				GCC_WARN_ABOUT_RETURN_TYPE = YES_ERROR;
				GCC_WARN_UNDECLARED_SELECTOR = YES;
				GCC_WARN_UNINITIALIZED_AUTOS = YES_AGGRESSIVE;
				GCC_WARN_UNUSED_FUNCTION = YES;
				GCC_WARN_UNUSED_VARIABLE = YES;
				IPHONEOS_DEPLOYMENT_TARGET = 11.4;
				MTL_ENABLE_DEBUG_INFO = NO;
				SDKROOT = iphoneos;
				SWIFT_COMPILATION_MODE = wholemodule;
				SWIFT_OPTIMIZATION_LEVEL = "-O";
				VALIDATE_PRODUCT = YES;
			};
			name = Release;
		};
		22C1B71D2150205E00A87078 /* Debug */ = {
			isa = XCBuildConfiguration;
			buildSettings = {
				ASSETCATALOG_COMPILER_APPICON_NAME = AppIcon;
				CODE_SIGN_STYLE = Automatic;
				DEVELOPMENT_TEAM = HQTFP2R8AZ;
				INFOPLIST_FILE = BMTokenView/Info.plist;
				LD_RUNPATH_SEARCH_PATHS = (
					"$(inherited)",
					"@executable_path/Frameworks",
				);
				PRODUCT_BUNDLE_IDENTIFIER = com.berrymelon.BMTokenView;
				PRODUCT_NAME = "$(TARGET_NAME)";
				SWIFT_VERSION = 4.0;
				TARGETED_DEVICE_FAMILY = "1,2";
			};
			name = Debug;
		};
		22C1B71E2150205E00A87078 /* Release */ = {
			isa = XCBuildConfiguration;
			buildSettings = {
				ASSETCATALOG_COMPILER_APPICON_NAME = AppIcon;
				CODE_SIGN_STYLE = Automatic;
				DEVELOPMENT_TEAM = HQTFP2R8AZ;
				INFOPLIST_FILE = BMTokenView/Info.plist;
				LD_RUNPATH_SEARCH_PATHS = (
					"$(inherited)",
					"@executable_path/Frameworks",
				);
				PRODUCT_BUNDLE_IDENTIFIER = com.berrymelon.BMTokenView;
				PRODUCT_NAME = "$(TARGET_NAME)";
				SWIFT_VERSION = 4.0;
				TARGETED_DEVICE_FAMILY = "1,2";
			};
			name = Release;
		};
		22C1B7202150205E00A87078 /* Debug */ = {
			isa = XCBuildConfiguration;
			buildSettings = {
				ALWAYS_EMBED_SWIFT_STANDARD_LIBRARIES = YES;
				BUNDLE_LOADER = "$(TEST_HOST)";
				CODE_SIGN_STYLE = Automatic;
				DEVELOPMENT_TEAM = HQTFP2R8AZ;
				INFOPLIST_FILE = BMTokenViewTests/Info.plist;
				LD_RUNPATH_SEARCH_PATHS = (
					"$(inherited)",
					"@executable_path/Frameworks",
					"@loader_path/Frameworks",
				);
				PRODUCT_BUNDLE_IDENTIFIER = com.berrymelon.BMTokenViewTests;
				PRODUCT_NAME = "$(TARGET_NAME)";
				SWIFT_VERSION = 4.0;
				TARGETED_DEVICE_FAMILY = "1,2";
				TEST_HOST = "$(BUILT_PRODUCTS_DIR)/BMTokenView.app/BMTokenView";
			};
			name = Debug;
		};
		22C1B7212150205E00A87078 /* Release */ = {
			isa = XCBuildConfiguration;
			buildSettings = {
				ALWAYS_EMBED_SWIFT_STANDARD_LIBRARIES = YES;
				BUNDLE_LOADER = "$(TEST_HOST)";
				CODE_SIGN_STYLE = Automatic;
				DEVELOPMENT_TEAM = HQTFP2R8AZ;
				INFOPLIST_FILE = BMTokenViewTests/Info.plist;
				LD_RUNPATH_SEARCH_PATHS = (
					"$(inherited)",
					"@executable_path/Frameworks",
					"@loader_path/Frameworks",
				);
				PRODUCT_BUNDLE_IDENTIFIER = com.berrymelon.BMTokenViewTests;
				PRODUCT_NAME = "$(TARGET_NAME)";
				SWIFT_VERSION = 4.0;
				TARGETED_DEVICE_FAMILY = "1,2";
				TEST_HOST = "$(BUILT_PRODUCTS_DIR)/BMTokenView.app/BMTokenView";
			};
			name = Release;
		};
		22C1B7232150205E00A87078 /* Debug */ = {
			isa = XCBuildConfiguration;
			buildSettings = {
				ALWAYS_EMBED_SWIFT_STANDARD_LIBRARIES = YES;
				CODE_SIGN_STYLE = Automatic;
				DEVELOPMENT_TEAM = HQTFP2R8AZ;
				INFOPLIST_FILE = BMTokenViewUITests/Info.plist;
				LD_RUNPATH_SEARCH_PATHS = (
					"$(inherited)",
					"@executable_path/Frameworks",
					"@loader_path/Frameworks",
				);
				PRODUCT_BUNDLE_IDENTIFIER = com.berrymelon.BMTokenViewUITests;
				PRODUCT_NAME = "$(TARGET_NAME)";
				SWIFT_VERSION = 4.0;
				TARGETED_DEVICE_FAMILY = "1,2";
				TEST_TARGET_NAME = BMTokenView;
			};
			name = Debug;
		};
		22C1B7242150205E00A87078 /* Release */ = {
			isa = XCBuildConfiguration;
			buildSettings = {
				ALWAYS_EMBED_SWIFT_STANDARD_LIBRARIES = YES;
				CODE_SIGN_STYLE = Automatic;
				DEVELOPMENT_TEAM = HQTFP2R8AZ;
				INFOPLIST_FILE = BMTokenViewUITests/Info.plist;
				LD_RUNPATH_SEARCH_PATHS = (
					"$(inherited)",
					"@executable_path/Frameworks",
					"@loader_path/Frameworks",
				);
				PRODUCT_BUNDLE_IDENTIFIER = com.berrymelon.BMTokenViewUITests;
				PRODUCT_NAME = "$(TARGET_NAME)";
				SWIFT_VERSION = 4.0;
				TARGETED_DEVICE_FAMILY = "1,2";
				TEST_TARGET_NAME = BMTokenView;
			};
			name = Release;
		};
/* End XCBuildConfiguration section */

/* Begin XCConfigurationList section */
		22C1B6EF2150205C00A87078 /* Build configuration list for PBXProject "BMTokenView" */ = {
			isa = XCConfigurationList;
			buildConfigurations = (
				22C1B71A2150205E00A87078 /* Debug */,
				22C1B71B2150205E00A87078 /* Release */,
			);
			defaultConfigurationIsVisible = 0;
			defaultConfigurationName = Release;
		};
		22C1B71C2150205E00A87078 /* Build configuration list for PBXNativeTarget "BMTokenView" */ = {
			isa = XCConfigurationList;
			buildConfigurations = (
				22C1B71D2150205E00A87078 /* Debug */,
				22C1B71E2150205E00A87078 /* Release */,
			);
			defaultConfigurationIsVisible = 0;
			defaultConfigurationName = Release;
		};
		22C1B71F2150205E00A87078 /* Build configuration list for PBXNativeTarget "BMTokenViewTests" */ = {
			isa = XCConfigurationList;
			buildConfigurations = (
				22C1B7202150205E00A87078 /* Debug */,
				22C1B7212150205E00A87078 /* Release */,
			);
			defaultConfigurationIsVisible = 0;
			defaultConfigurationName = Release;
		};
		22C1B7222150205E00A87078 /* Build configuration list for PBXNativeTarget "BMTokenViewUITests" */ = {
			isa = XCConfigurationList;
			buildConfigurations = (
				22C1B7232150205E00A87078 /* Debug */,
				22C1B7242150205E00A87078 /* Release */,
			);
			defaultConfigurationIsVisible = 0;
			defaultConfigurationName = Release;
		};
/* End XCConfigurationList section */
	};
	rootObject = 22C1B6EC2150205C00A87078 /* Project object */;
}
